// !$*UTF8*$!
{
	archiveVersion = 1;
	classes = {
	};
	objectVersion = 56;
	objects = {

/* Begin PBXBuildFile section */
		287D7CE9E78CE981F0CA3859 /* Pods_DemoUserPrinter_DemoUserPrinterTests.framework in Frameworks */ = {isa = PBXBuildFile; fileRef = EC9A37AE379D5E35F1D79ADE /* Pods_DemoUserPrinter_DemoUserPrinterTests.framework */; };
		4B630FA42AA4500D00BDACA9 /* DemoUserPrinter.docc in Sources */ = {isa = PBXBuildFile; fileRef = 4B630FA32AA4500D00BDACA9 /* DemoUserPrinter.docc */; };
		4B630FAA2AA4500D00BDACA9 /* DemoUserPrinter.framework in Frameworks */ = {isa = PBXBuildFile; fileRef = 4B630F9F2AA4500D00BDACA9 /* DemoUserPrinter.framework */; };
		4B630FAF2AA4500D00BDACA9 /* DemoUserPrinterTests.swift in Sources */ = {isa = PBXBuildFile; fileRef = 4B630FAE2AA4500D00BDACA9 /* DemoUserPrinterTests.swift */; };
		4B630FB02AA4500D00BDACA9 /* DemoUserPrinter.h in Headers */ = {isa = PBXBuildFile; fileRef = 4B630FA22AA4500D00BDACA9 /* DemoUserPrinter.h */; settings = {ATTRIBUTES = (Public, ); }; };
		4B630FBA2AA4504800BDACA9 /* User.swift in Sources */ = {isa = PBXBuildFile; fileRef = 4B630FB92AA4504800BDACA9 /* User.swift */; };
		E2932FE05F344E4F5B184C27 /* Pods_DemoUserPrinter.framework in Frameworks */ = {isa = PBXBuildFile; fileRef = 2251AB39FBCCDC687D0FEE0F /* Pods_DemoUserPrinter.framework */; };
/* End PBXBuildFile section */

/* Begin PBXContainerItemProxy section */
		4B630FAB2AA4500D00BDACA9 /* PBXContainerItemProxy */ = {
			isa = PBXContainerItemProxy;
			containerPortal = 4B630F962AA4500D00BDACA9 /* Project object */;
			proxyType = 1;
			remoteGlobalIDString = 4B630F9E2AA4500D00BDACA9;
			remoteInfo = DemoUserPrinter;
		};
/* End PBXContainerItemProxy section */

/* Begin PBXFileReference section */
		2251AB39FBCCDC687D0FEE0F /* Pods_DemoUserPrinter.framework */ = {isa = PBXFileReference; explicitFileType = wrapper.framework; includeInIndex = 0; path = Pods_DemoUserPrinter.framework; sourceTree = BUILT_PRODUCTS_DIR; };
		4ABEAF56D9AD266D6A534E3B /* Pods-DemoUserPrinter-DemoUserPrinterTests.release.xcconfig */ = {isa = PBXFileReference; includeInIndex = 1; lastKnownFileType = text.xcconfig; name = "Pods-DemoUserPrinter-DemoUserPrinterTests.release.xcconfig"; path = "Target Support Files/Pods-DemoUserPrinter-DemoUserPrinterTests/Pods-DemoUserPrinter-DemoUserPrinterTests.release.xcconfig"; sourceTree = "<group>"; };
		4B630F9F2AA4500D00BDACA9 /* DemoUserPrinter.framework */ = {isa = PBXFileReference; explicitFileType = wrapper.framework; includeInIndex = 0; path = DemoUserPrinter.framework; sourceTree = BUILT_PRODUCTS_DIR; };
		4B630FA22AA4500D00BDACA9 /* DemoUserPrinter.h */ = {isa = PBXFileReference; lastKnownFileType = sourcecode.c.h; path = DemoUserPrinter.h; sourceTree = "<group>"; };
		4B630FA32AA4500D00BDACA9 /* DemoUserPrinter.docc */ = {isa = PBXFileReference; lastKnownFileType = folder.documentationcatalog; path = DemoUserPrinter.docc; sourceTree = "<group>"; };
		4B630FA92AA4500D00BDACA9 /* DemoUserPrinterTests.xctest */ = {isa = PBXFileReference; explicitFileType = wrapper.cfbundle; includeInIndex = 0; path = DemoUserPrinterTests.xctest; sourceTree = BUILT_PRODUCTS_DIR; };
		4B630FAE2AA4500D00BDACA9 /* DemoUserPrinterTests.swift */ = {isa = PBXFileReference; lastKnownFileType = sourcecode.swift; path = DemoUserPrinterTests.swift; sourceTree = "<group>"; };
		4B630FB92AA4504800BDACA9 /* User.swift */ = {isa = PBXFileReference; lastKnownFileType = sourcecode.swift; path = User.swift; sourceTree = "<group>"; };
		5B0C73D927E4368B3570B29F /* Pods-DemoUserPrinter.debug.xcconfig */ = {isa = PBXFileReference; includeInIndex = 1; lastKnownFileType = text.xcconfig; name = "Pods-DemoUserPrinter.debug.xcconfig"; path = "Target Support Files/Pods-DemoUserPrinter/Pods-DemoUserPrinter.debug.xcconfig"; sourceTree = "<group>"; };
		7672295DC64F9B7EF35860B0 /* Pods-DemoUserPrinter-DemoUserPrinterTests.debug.xcconfig */ = {isa = PBXFileReference; includeInIndex = 1; lastKnownFileType = text.xcconfig; name = "Pods-DemoUserPrinter-DemoUserPrinterTests.debug.xcconfig"; path = "Target Support Files/Pods-DemoUserPrinter-DemoUserPrinterTests/Pods-DemoUserPrinter-DemoUserPrinterTests.debug.xcconfig"; sourceTree = "<group>"; };
		E0D2E2CA3E9D591F13935F79 /* Pods-DemoUserPrinter.release.xcconfig */ = {isa = PBXFileReference; includeInIndex = 1; lastKnownFileType = text.xcconfig; name = "Pods-DemoUserPrinter.release.xcconfig"; path = "Target Support Files/Pods-DemoUserPrinter/Pods-DemoUserPrinter.release.xcconfig"; sourceTree = "<group>"; };
		EC9A37AE379D5E35F1D79ADE /* Pods_DemoUserPrinter_DemoUserPrinterTests.framework */ = {isa = PBXFileReference; explicitFileType = wrapper.framework; includeInIndex = 0; path = Pods_DemoUserPrinter_DemoUserPrinterTests.framework; sourceTree = BUILT_PRODUCTS_DIR; };
/* End PBXFileReference section */

/* Begin PBXFrameworksBuildPhase section */
		4B630F9C2AA4500D00BDACA9 /* Frameworks */ = {
			isa = PBXFrameworksBuildPhase;
			buildActionMask = 2147483647;
			files = (
				E2932FE05F344E4F5B184C27 /* Pods_DemoUserPrinter.framework in Frameworks */,
			);
			runOnlyForDeploymentPostprocessing = 0;
		};
		4B630FA62AA4500D00BDACA9 /* Frameworks */ = {
			isa = PBXFrameworksBuildPhase;
			buildActionMask = 2147483647;
			files = (
				4B630FAA2AA4500D00BDACA9 /* DemoUserPrinter.framework in Frameworks */,
				287D7CE9E78CE981F0CA3859 /* Pods_DemoUserPrinter_DemoUserPrinterTests.framework in Frameworks */,
			);
			runOnlyForDeploymentPostprocessing = 0;
		};
/* End PBXFrameworksBuildPhase section */

/* Begin PBXGroup section */
		30E1F1C15F0877490137F594 /* Frameworks */ = {
			isa = PBXGroup;
			children = (
				2251AB39FBCCDC687D0FEE0F /* Pods_DemoUserPrinter.framework */,
				EC9A37AE379D5E35F1D79ADE /* Pods_DemoUserPrinter_DemoUserPrinterTests.framework */,
			);
			name = Frameworks;
			sourceTree = "<group>";
		};
		4B630F952AA4500D00BDACA9 = {
			isa = PBXGroup;
			children = (
				4B630FBB2AA45C4C00BDACA9 /* Sources */,
				4B630FA12AA4500D00BDACA9 /* DemoUserPrinter */,
				4B630FAD2AA4500D00BDACA9 /* DemoUserPrinterTests */,
				4B630FA02AA4500D00BDACA9 /* Products */,
				55C435261B1564A9717FB830 /* Pods */,
				30E1F1C15F0877490137F594 /* Frameworks */,
			);
			sourceTree = "<group>";
		};
		4B630FA02AA4500D00BDACA9 /* Products */ = {
			isa = PBXGroup;
			children = (
				4B630F9F2AA4500D00BDACA9 /* DemoUserPrinter.framework */,
				4B630FA92AA4500D00BDACA9 /* DemoUserPrinterTests.xctest */,
			);
			name = Products;
			sourceTree = "<group>";
		};
		4B630FA12AA4500D00BDACA9 /* DemoUserPrinter */ = {
			isa = PBXGroup;
			children = (
				4B630FA32AA4500D00BDACA9 /* DemoUserPrinter.docc */,
			);
			path = DemoUserPrinter;
			sourceTree = "<group>";
		};
		4B630FAD2AA4500D00BDACA9 /* DemoUserPrinterTests */ = {
			isa = PBXGroup;
			children = (
				4B630FAE2AA4500D00BDACA9 /* DemoUserPrinterTests.swift */,
			);
			path = DemoUserPrinterTests;
			sourceTree = "<group>";
		};
		4B630FBB2AA45C4C00BDACA9 /* Sources */ = {
			isa = PBXGroup;
			children = (
				4B630FA22AA4500D00BDACA9 /* DemoUserPrinter.h */,
				4B630FB92AA4504800BDACA9 /* User.swift */,
			);
			path = Sources;
			sourceTree = "<group>";
		};
		55C435261B1564A9717FB830 /* Pods */ = {
			isa = PBXGroup;
			children = (
				5B0C73D927E4368B3570B29F /* Pods-DemoUserPrinter.debug.xcconfig */,
				E0D2E2CA3E9D591F13935F79 /* Pods-DemoUserPrinter.release.xcconfig */,
				7672295DC64F9B7EF35860B0 /* Pods-DemoUserPrinter-DemoUserPrinterTests.debug.xcconfig */,
				4ABEAF56D9AD266D6A534E3B /* Pods-DemoUserPrinter-DemoUserPrinterTests.release.xcconfig */,
			);
			name = Pods;
			path = Pods;
			sourceTree = "<group>";
		};
/* End PBXGroup section */

/* Begin PBXHeadersBuildPhase section */
		4B630F9A2AA4500D00BDACA9 /* Headers */ = {
			isa = PBXHeadersBuildPhase;
			buildActionMask = 2147483647;
			files = (
				4B630FB02AA4500D00BDACA9 /* DemoUserPrinter.h in Headers */,
			);
			runOnlyForDeploymentPostprocessing = 0;
		};
/* End PBXHeadersBuildPhase section */

/* Begin PBXNativeTarget section */
		4B630F9E2AA4500D00BDACA9 /* DemoUserPrinter */ = {
			isa = PBXNativeTarget;
			buildConfigurationList = 4B630FB32AA4500D00BDACA9 /* Build configuration list for PBXNativeTarget "DemoUserPrinter" */;
			buildPhases = (
				8F698836F11F7943C9FDB7B0 /* [CP] Check Pods Manifest.lock */,
				4B630F9A2AA4500D00BDACA9 /* Headers */,
				4B630F9B2AA4500D00BDACA9 /* Sources */,
				4B630F9C2AA4500D00BDACA9 /* Frameworks */,
				4B630F9D2AA4500D00BDACA9 /* Resources */,
			);
			buildRules = (
			);
			dependencies = (
			);
			name = DemoUserPrinter;
			productName = DemoUserPrinter;
			productReference = 4B630F9F2AA4500D00BDACA9 /* DemoUserPrinter.framework */;
			productType = "com.apple.product-type.framework";
		};
		4B630FA82AA4500D00BDACA9 /* DemoUserPrinterTests */ = {
			isa = PBXNativeTarget;
			buildConfigurationList = 4B630FB62AA4500D00BDACA9 /* Build configuration list for PBXNativeTarget "DemoUserPrinterTests" */;
			buildPhases = (
				DD70FF0BA4EC3372C2A07183 /* [CP] Check Pods Manifest.lock */,
				4B630FA52AA4500D00BDACA9 /* Sources */,
				4B630FA62AA4500D00BDACA9 /* Frameworks */,
				4B630FA72AA4500D00BDACA9 /* Resources */,
				0B3DCDBFD684EE405E533C88 /* [CP] Embed Pods Frameworks */,
			);
			buildRules = (
			);
			dependencies = (
				4B630FAC2AA4500D00BDACA9 /* PBXTargetDependency */,
			);
			name = DemoUserPrinterTests;
			productName = DemoUserPrinterTests;
			productReference = 4B630FA92AA4500D00BDACA9 /* DemoUserPrinterTests.xctest */;
			productType = "com.apple.product-type.bundle.unit-test";
		};
/* End PBXNativeTarget section */

/* Begin PBXProject section */
		4B630F962AA4500D00BDACA9 /* Project object */ = {
			isa = PBXProject;
			attributes = {
				BuildIndependentTargetsInParallel = 1;
				LastSwiftUpdateCheck = 1420;
				LastUpgradeCheck = 1420;
				TargetAttributes = {
					4B630F9E2AA4500D00BDACA9 = {
						CreatedOnToolsVersion = 14.2;
					};
					4B630FA82AA4500D00BDACA9 = {
						CreatedOnToolsVersion = 14.2;
					};
				};
			};
			buildConfigurationList = 4B630F992AA4500D00BDACA9 /* Build configuration list for PBXProject "DemoUserPrinter" */;
			compatibilityVersion = "Xcode 14.0";
			developmentRegion = en;
			hasScannedForEncodings = 0;
			knownRegions = (
				en,
				Base,
			);
			mainGroup = 4B630F952AA4500D00BDACA9;
			productRefGroup = 4B630FA02AA4500D00BDACA9 /* Products */;
			projectDirPath = "";
			projectRoot = "";
			targets = (
				4B630F9E2AA4500D00BDACA9 /* DemoUserPrinter */,
				4B630FA82AA4500D00BDACA9 /* DemoUserPrinterTests */,
			);
		};
/* End PBXProject section */

/* Begin PBXResourcesBuildPhase section */
		4B630F9D2AA4500D00BDACA9 /* Resources */ = {
			isa = PBXResourcesBuildPhase;
			buildActionMask = 2147483647;
			files = (
			);
			runOnlyForDeploymentPostprocessing = 0;
		};
		4B630FA72AA4500D00BDACA9 /* Resources */ = {
			isa = PBXResourcesBuildPhase;
			buildActionMask = 2147483647;
			files = (
			);
			runOnlyForDeploymentPostprocessing = 0;
		};
/* End PBXResourcesBuildPhase section */

/* Begin PBXShellScriptBuildPhase section */
		0B3DCDBFD684EE405E533C88 /* [CP] Embed Pods Frameworks */ = {
			isa = PBXShellScriptBuildPhase;
			buildActionMask = 2147483647;
			files = (
			);
			inputFileListPaths = (
				"${PODS_ROOT}/Target Support Files/Pods-DemoUserPrinter-DemoUserPrinterTests/Pods-DemoUserPrinter-DemoUserPrinterTests-frameworks-${CONFIGURATION}-input-files.xcfilelist",
			);
			name = "[CP] Embed Pods Frameworks";
			outputFileListPaths = (
				"${PODS_ROOT}/Target Support Files/Pods-DemoUserPrinter-DemoUserPrinterTests/Pods-DemoUserPrinter-DemoUserPrinterTests-frameworks-${CONFIGURATION}-output-files.xcfilelist",
			);
			runOnlyForDeploymentPostprocessing = 0;
			shellPath = /bin/sh;
			shellScript = "\"${PODS_ROOT}/Target Support Files/Pods-DemoUserPrinter-DemoUserPrinterTests/Pods-DemoUserPrinter-DemoUserPrinterTests-frameworks.sh\"\n";
			showEnvVarsInLog = 0;
		};
		8F698836F11F7943C9FDB7B0 /* [CP] Check Pods Manifest.lock */ = {
			isa = PBXShellScriptBuildPhase;
			buildActionMask = 2147483647;
			files = (
			);
			inputFileListPaths = (
			);
			inputPaths = (
				"${PODS_PODFILE_DIR_PATH}/Podfile.lock",
				"${PODS_ROOT}/Manifest.lock",
			);
			name = "[CP] Check Pods Manifest.lock";
			outputFileListPaths = (
			);
			outputPaths = (
				"$(DERIVED_FILE_DIR)/Pods-DemoUserPrinter-checkManifestLockResult.txt",
			);
			runOnlyForDeploymentPostprocessing = 0;
			shellPath = /bin/sh;
			shellScript = "diff \"${PODS_PODFILE_DIR_PATH}/Podfile.lock\" \"${PODS_ROOT}/Manifest.lock\" > /dev/null\nif [ $? != 0 ] ; then\n    # print error to STDERR\n    echo \"error: The sandbox is not in sync with the Podfile.lock. Run 'pod install' or update your CocoaPods installation.\" >&2\n    exit 1\nfi\n# This output is used by Xcode 'outputs' to avoid re-running this script phase.\necho \"SUCCESS\" > \"${SCRIPT_OUTPUT_FILE_0}\"\n";
			showEnvVarsInLog = 0;
		};
		DD70FF0BA4EC3372C2A07183 /* [CP] Check Pods Manifest.lock */ = {
			isa = PBXShellScriptBuildPhase;
			buildActionMask = 2147483647;
			files = (
			);
			inputFileListPaths = (
			);
			inputPaths = (
				"${PODS_PODFILE_DIR_PATH}/Podfile.lock",
				"${PODS_ROOT}/Manifest.lock",
			);
			name = "[CP] Check Pods Manifest.lock";
			outputFileListPaths = (
			);
			outputPaths = (
				"$(DERIVED_FILE_DIR)/Pods-DemoUserPrinter-DemoUserPrinterTests-checkManifestLockResult.txt",
			);
			runOnlyForDeploymentPostprocessing = 0;
			shellPath = /bin/sh;
			shellScript = "diff \"${PODS_PODFILE_DIR_PATH}/Podfile.lock\" \"${PODS_ROOT}/Manifest.lock\" > /dev/null\nif [ $? != 0 ] ; then\n    # print error to STDERR\n    echo \"error: The sandbox is not in sync with the Podfile.lock. Run 'pod install' or update your CocoaPods installation.\" >&2\n    exit 1\nfi\n# This output is used by Xcode 'outputs' to avoid re-running this script phase.\necho \"SUCCESS\" > \"${SCRIPT_OUTPUT_FILE_0}\"\n";
			showEnvVarsInLog = 0;
		};
/* End PBXShellScriptBuildPhase section */

/* Begin PBXSourcesBuildPhase section */
		4B630F9B2AA4500D00BDACA9 /* Sources */ = {
			isa = PBXSourcesBuildPhase;
			buildActionMask = 2147483647;
			files = (
				4B630FBA2AA4504800BDACA9 /* User.swift in Sources */,
				4B630FA42AA4500D00BDACA9 /* DemoUserPrinter.docc in Sources */,
			);
			runOnlyForDeploymentPostprocessing = 0;
		};
		4B630FA52AA4500D00BDACA9 /* Sources */ = {
			isa = PBXSourcesBuildPhase;
			buildActionMask = 2147483647;
			files = (
				4B630FAF2AA4500D00BDACA9 /* DemoUserPrinterTests.swift in Sources */,
			);
			runOnlyForDeploymentPostprocessing = 0;
		};
/* End PBXSourcesBuildPhase section */

/* Begin PBXTargetDependency section */
		4B630FAC2AA4500D00BDACA9 /* PBXTargetDependency */ = {
			isa = PBXTargetDependency;
			target = 4B630F9E2AA4500D00BDACA9 /* DemoUserPrinter */;
			targetProxy = 4B630FAB2AA4500D00BDACA9 /* PBXContainerItemProxy */;
		};
/* End PBXTargetDependency section */

/* Begin XCBuildConfiguration section */
		4B630FB12AA4500D00BDACA9 /* Debug */ = {
			isa = XCBuildConfiguration;
			buildSettings = {
				ALWAYS_SEARCH_USER_PATHS = NO;
				CLANG_ANALYZER_NONNULL = YES;
				CLANG_ANALYZER_NUMBER_OBJECT_CONVERSION = YES_AGGRESSIVE;
				CLANG_CXX_LANGUAGE_STANDARD = "gnu++20";
				CLANG_ENABLE_MODULES = YES;
				CLANG_ENABLE_OBJC_ARC = YES;
				CLANG_ENABLE_OBJC_WEAK = YES;
				CLANG_WARN_BLOCK_CAPTURE_AUTORELEASING = YES;
				CLANG_WARN_BOOL_CONVERSION = YES;
				CLANG_WARN_COMMA = YES;
				CLANG_WARN_CONSTANT_CONVERSION = YES;
				CLANG_WARN_DEPRECATED_OBJC_IMPLEMENTATIONS = YES;
				CLANG_WARN_DIRECT_OBJC_ISA_USAGE = YES_ERROR;
				CLANG_WARN_DOCUMENTATION_COMMENTS = YES;
				CLANG_WARN_EMPTY_BODY = YES;
				CLANG_WARN_ENUM_CONVERSION = YES;
				CLANG_WARN_INFINITE_RECURSION = YES;
				CLANG_WARN_INT_CONVERSION = YES;
				CLANG_WARN_NON_LITERAL_NULL_CONVERSION = YES;
				CLANG_WARN_OBJC_IMPLICIT_RETAIN_SELF = YES;
				CLANG_WARN_OBJC_LITERAL_CONVERSION = YES;
				CLANG_WARN_OBJC_ROOT_CLASS = YES_ERROR;
				CLANG_WARN_QUOTED_INCLUDE_IN_FRAMEWORK_HEADER = YES;
				CLANG_WARN_RANGE_LOOP_ANALYSIS = YES;
				CLANG_WARN_STRICT_PROTOTYPES = YES;
				CLANG_WARN_SUSPICIOUS_MOVE = YES;
				CLANG_WARN_UNGUARDED_AVAILABILITY = YES_AGGRESSIVE;
				CLANG_WARN_UNREACHABLE_CODE = YES;
				CLANG_WARN__DUPLICATE_METHOD_MATCH = YES;
				COPY_PHASE_STRIP = NO;
				CURRENT_PROJECT_VERSION = 1;
				DEBUG_INFORMATION_FORMAT = dwarf;
				ENABLE_STRICT_OBJC_MSGSEND = YES;
				ENABLE_TESTABILITY = YES;
				GCC_C_LANGUAGE_STANDARD = gnu11;
				GCC_DYNAMIC_NO_PIC = NO;
				GCC_NO_COMMON_BLOCKS = YES;
				GCC_OPTIMIZATION_LEVEL = 0;
				GCC_PREPROCESSOR_DEFINITIONS = (
					"DEBUG=1",
					"$(inherited)",
				);
				GCC_WARN_64_TO_32_BIT_CONVERSION = YES;
				GCC_WARN_ABOUT_RETURN_TYPE = YES_ERROR;
				GCC_WARN_UNDECLARED_SELECTOR = YES;
				GCC_WARN_UNINITIALIZED_AUTOS = YES_AGGRESSIVE;
				GCC_WARN_UNUSED_FUNCTION = YES;
				GCC_WARN_UNUSED_VARIABLE = YES;
				IPHONEOS_DEPLOYMENT_TARGET = 16.2;
				MTL_ENABLE_DEBUG_INFO = INCLUDE_SOURCE;
				MTL_FAST_MATH = YES;
				ONLY_ACTIVE_ARCH = YES;
				SDKROOT = iphoneos;
				SWIFT_ACTIVE_COMPILATION_CONDITIONS = DEBUG;
				SWIFT_OPTIMIZATION_LEVEL = "-Onone";
				VERSIONING_SYSTEM = "apple-generic";
				VERSION_INFO_PREFIX = "";
			};
			name = Debug;
		};
		4B630FB22AA4500D00BDACA9 /* Release */ = {
			isa = XCBuildConfiguration;
			buildSettings = {
				ALWAYS_SEARCH_USER_PATHS = NO;
				CLANG_ANALYZER_NONNULL = YES;
				CLANG_ANALYZER_NUMBER_OBJECT_CONVERSION = YES_AGGRESSIVE;
				CLANG_CXX_LANGUAGE_STANDARD = "gnu++20";
				CLANG_ENABLE_MODULES = YES;
				CLANG_ENABLE_OBJC_ARC = YES;
				CLANG_ENABLE_OBJC_WEAK = YES;
				CLANG_WARN_BLOCK_CAPTURE_AUTORELEASING = YES;
				CLANG_WARN_BOOL_CONVERSION = YES;
				CLANG_WARN_COMMA = YES;
				CLANG_WARN_CONSTANT_CONVERSION = YES;
				CLANG_WARN_DEPRECATED_OBJC_IMPLEMENTATIONS = YES;
				CLANG_WARN_DIRECT_OBJC_ISA_USAGE = YES_ERROR;
				CLANG_WARN_DOCUMENTATION_COMMENTS = YES;
				CLANG_WARN_EMPTY_BODY = YES;
				CLANG_WARN_ENUM_CONVERSION = YES;
				CLANG_WARN_INFINITE_RECURSION = YES;
				CLANG_WARN_INT_CONVERSION = YES;
				CLANG_WARN_NON_LITERAL_NULL_CONVERSION = YES;
				CLANG_WARN_OBJC_IMPLICIT_RETAIN_SELF = YES;
				CLANG_WARN_OBJC_LITERAL_CONVERSION = YES;
				CLANG_WARN_OBJC_ROOT_CLASS = YES_ERROR;
				CLANG_WARN_QUOTED_INCLUDE_IN_FRAMEWORK_HEADER = YES;
				CLANG_WARN_RANGE_LOOP_ANALYSIS = YES;
				CLANG_WARN_STRICT_PROTOTYPES = YES;
				CLANG_WARN_SUSPICIOUS_MOVE = YES;
				CLANG_WARN_UNGUARDED_AVAILABILITY = YES_AGGRESSIVE;
				CLANG_WARN_UNREACHABLE_CODE = YES;
				CLANG_WARN__DUPLICATE_METHOD_MATCH = YES;
				COPY_PHASE_STRIP = NO;
				CURRENT_PROJECT_VERSION = 1;
				DEBUG_INFORMATION_FORMAT = "dwarf-with-dsym";
				ENABLE_NS_ASSERTIONS = NO;
				ENABLE_STRICT_OBJC_MSGSEND = YES;
				GCC_C_LANGUAGE_STANDARD = gnu11;
				GCC_NO_COMMON_BLOCKS = YES;
				GCC_WARN_64_TO_32_BIT_CONVERSION = YES;
				GCC_WARN_ABOUT_RETURN_TYPE = YES_ERROR;
				GCC_WARN_UNDECLARED_SELECTOR = YES;
				GCC_WARN_UNINITIALIZED_AUTOS = YES_AGGRESSIVE;
				GCC_WARN_UNUSED_FUNCTION = YES;
				GCC_WARN_UNUSED_VARIABLE = YES;
				IPHONEOS_DEPLOYMENT_TARGET = 16.2;
				MTL_ENABLE_DEBUG_INFO = NO;
				MTL_FAST_MATH = YES;
				SDKROOT = iphoneos;
				SWIFT_COMPILATION_MODE = wholemodule;
				SWIFT_OPTIMIZATION_LEVEL = "-O";
				VALIDATE_PRODUCT = YES;
				VERSIONING_SYSTEM = "apple-generic";
				VERSION_INFO_PREFIX = "";
			};
			name = Release;
		};
		4B630FB42AA4500D00BDACA9 /* Debug */ = {
			isa = XCBuildConfiguration;
			baseConfigurationReference = 5B0C73D927E4368B3570B29F /* Pods-DemoUserPrinter.debug.xcconfig */;
			buildSettings = {
				CODE_SIGN_STYLE = Automatic;
				CURRENT_PROJECT_VERSION = 1;
				DEFINES_MODULE = YES;
				DYLIB_COMPATIBILITY_VERSION = 1;
				DYLIB_CURRENT_VERSION = 1;
				DYLIB_INSTALL_NAME_BASE = "@rpath";
				GENERATE_INFOPLIST_FILE = YES;
				INFOPLIST_KEY_NSHumanReadableCopyright = "";
				INSTALL_PATH = "$(LOCAL_LIBRARY_DIR)/Frameworks";
				LD_RUNPATH_SEARCH_PATHS = (
					"$(inherited)",
					"@executable_path/Frameworks",
					"@loader_path/Frameworks",
				);
				MARKETING_VERSION = 1.0;
				PRODUCT_BUNDLE_IDENTIFIER = com.google.ruslan.mihalev.DemoUserPrinter;
				PRODUCT_NAME = "$(TARGET_NAME:c99extidentifier)";
				SKIP_INSTALL = YES;
				SWIFT_EMIT_LOC_STRINGS = YES;
				SWIFT_VERSION = 5.0;
				TARGETED_DEVICE_FAMILY = "1,2";
			};
			name = Debug;
		};
		4B630FB52AA4500D00BDACA9 /* Release */ = {
			isa = XCBuildConfiguration;
			baseConfigurationReference = E0D2E2CA3E9D591F13935F79 /* Pods-DemoUserPrinter.release.xcconfig */;
			buildSettings = {
				CODE_SIGN_STYLE = Automatic;
				CURRENT_PROJECT_VERSION = 1;
				DEFINES_MODULE = YES;
				DYLIB_COMPATIBILITY_VERSION = 1;
				DYLIB_CURRENT_VERSION = 1;
				DYLIB_INSTALL_NAME_BASE = "@rpath";
				GENERATE_INFOPLIST_FILE = YES;
				INFOPLIST_KEY_NSHumanReadableCopyright = "";
				INSTALL_PATH = "$(LOCAL_LIBRARY_DIR)/Frameworks";
				LD_RUNPATH_SEARCH_PATHS = (
					"$(inherited)",
					"@executable_path/Frameworks",
					"@loader_path/Frameworks",
				);
				MARKETING_VERSION = 1.0;
				PRODUCT_BUNDLE_IDENTIFIER = com.google.ruslan.mihalev.DemoUserPrinter;
				PRODUCT_NAME = "$(TARGET_NAME:c99extidentifier)";
				SKIP_INSTALL = YES;
				SWIFT_EMIT_LOC_STRINGS = YES;
				SWIFT_VERSION = 5.0;
				TARGETED_DEVICE_FAMILY = "1,2";
			};
			name = Release;
		};
		4B630FB72AA4500D00BDACA9 /* Debug */ = {
			isa = XCBuildConfiguration;
			baseConfigurationReference = 7672295DC64F9B7EF35860B0 /* Pods-DemoUserPrinter-DemoUserPrinterTests.debug.xcconfig */;
			buildSettings = {
				ALWAYS_EMBED_SWIFT_STANDARD_LIBRARIES = YES;
				CODE_SIGN_STYLE = Automatic;
				CURRENT_PROJECT_VERSION = 1;
				GENERATE_INFOPLIST_FILE = YES;
				MARKETING_VERSION = 1.0;
				PRODUCT_BUNDLE_IDENTIFIER = com.google.ruslan.mihalev.DemoUserPrinterTests;
				PRODUCT_NAME = "$(TARGET_NAME)";
				SWIFT_EMIT_LOC_STRINGS = NO;
				SWIFT_VERSION = 5.0;
				TARGETED_DEVICE_FAMILY = "1,2";
			};
			name = Debug;
		};
		4B630FB82AA4500D00BDACA9 /* Release */ = {
			isa = XCBuildConfiguration;
			baseConfigurationReference = 4ABEAF56D9AD266D6A534E3B /* Pods-DemoUserPrinter-DemoUserPrinterTests.release.xcconfig */;
			buildSettings = {
				ALWAYS_EMBED_SWIFT_STANDARD_LIBRARIES = YES;
				CODE_SIGN_STYLE = Automatic;
				CURRENT_PROJECT_VERSION = 1;
				GENERATE_INFOPLIST_FILE = YES;
				MARKETING_VERSION = 1.0;
				PRODUCT_BUNDLE_IDENTIFIER = com.google.ruslan.mihalev.DemoUserPrinterTests;
				PRODUCT_NAME = "$(TARGET_NAME)";
				SWIFT_EMIT_LOC_STRINGS = NO;
				SWIFT_VERSION = 5.0;
				TARGETED_DEVICE_FAMILY = "1,2";
			};
			name = Release;
		};
/* End XCBuildConfiguration section */

/* Begin XCConfigurationList section */
		4B630F992AA4500D00BDACA9 /* Build configuration list for PBXProject "DemoUserPrinter" */ = {
			isa = XCConfigurationList;
			buildConfigurations = (
				4B630FB12AA4500D00BDACA9 /* Debug */,
				4B630FB22AA4500D00BDACA9 /* Release */,
			);
			defaultConfigurationIsVisible = 0;
			defaultConfigurationName = Release;
		};
		4B630FB32AA4500D00BDACA9 /* Build configuration list for PBXNativeTarget "DemoUserPrinter" */ = {
			isa = XCConfigurationList;
			buildConfigurations = (
				4B630FB42AA4500D00BDACA9 /* Debug */,
				4B630FB52AA4500D00BDACA9 /* Release */,
			);
			defaultConfigurationIsVisible = 0;
			defaultConfigurationName = Release;
		};
		4B630FB62AA4500D00BDACA9 /* Build configuration list for PBXNativeTarget "DemoUserPrinterTests" */ = {
			isa = XCConfigurationList;
			buildConfigurations = (
				4B630FB72AA4500D00BDACA9 /* Debug */,
				4B630FB82AA4500D00BDACA9 /* Release */,
			);
			defaultConfigurationIsVisible = 0;
			defaultConfigurationName = Release;
		};
/* End XCConfigurationList section */
	};
	rootObject = 4B630F962AA4500D00BDACA9 /* Project object */;
}
